
Microsoft Visual Studio Solution File, Format Version 12.00
# Visual Studio Version 17
VisualStudioVersion = 17.10.34916.146
MinimumVisualStudioVersion = 10.0.40219.1
Project("{FAE04EC0-301F-11D3-BF4B-00C04F79EFBC}") = "WpfApp1", "WpfApp1\WpfApp1.csproj", "{18D0B164-EBAF-438A-A30C-36818EC83C15}"
EndProject
Global
	GlobalSection(SolutionConfigurationPlatforms) = preSolution
		Debug|Any CPU = Debug|Any CPU
		Release|Any CPU = Release|Any CPU
	EndGlobalSection
	GlobalSection(ProjectConfigurationPlatforms) = postSolution
		{18D0B164-EBAF-438A-A30C-36818EC83C15}.Debug|Any CPU.ActiveCfg = Debug|Any CPU
		{18D0B164-EBAF-438A-A30C-36818EC83C15}.Debug|Any CPU.Build.0 = Debug|Any CPU
		{18D0B164-EBAF-438A-A30C-36818EC83C15}.Release|Any CPU.ActiveCfg = Release|Any CPU
		{18D0B164-EBAF-438A-A30C-36818EC83C15}.Release|Any CPU.Build.0 = Release|Any CPU
	EndGlobalSection
	GlobalSection(SolutionProperties) = preSolution
		HideSolutionNode = FALSE
	EndGlobalSection
	GlobalSection(ExtensibilityGlobals) = postSolution
		SolutionGuid = {2A7CB6E7-507E-4B53-9FE5-BBC70096475C}
	EndGlobalSection
EndGlobal
